
Microsoft Visual Studio Solution File, Format Version 12.00
# Visual Studio Version 17
VisualStudioVersion = 17.9.34723.18
MinimumVisualStudioVersion = 10.0.40219.1
Project("{9A19103F-16F7-4668-BE54-9A1E7A4F7556}") = "ManagerPatients", "ManagerPatients\ManagerPatients.csproj", "{40814046-7C99-4B40-BBBB-8FC921F511B2}"
EndProject
Global
	GlobalSection(SolutionConfigurationPlatforms) = preSolution
		Debug|Any CPU = Debug|Any CPU
		Release|Any CPU = Release|Any CPU
	EndGlobalSection
	GlobalSection(ProjectConfigurationPlatforms) = postSolution
		{40814046-7C99-4B40-BBBB-8FC921F511B2}.Debug|Any CPU.ActiveCfg = Debug|Any CPU
		{40814046-7C99-4B40-BBBB-8FC921F511B2}.Debug|Any CPU.Build.0 = Debug|Any CPU
		{40814046-7C99-4B40-BBBB-8FC921F511B2}.Release|Any CPU.ActiveCfg = Release|Any CPU
		{40814046-7C99-4B40-BBBB-8FC921F511B2}.Release|Any CPU.Build.0 = Release|Any CPU
	EndGlobalSection
	GlobalSection(SolutionProperties) = preSolution
		HideSolutionNode = FALSE
	EndGlobalSection
	GlobalSection(ExtensibilityGlobals) = postSolution
		SolutionGuid = {5F301E5C-E51C-4B97-BAE8-E3980B29BC6D}
	EndGlobalSection
EndGlobal
